Microsoft Visual Studio Solution File, Format Version 12.00
# Visual Studio Version 17
VisualStudioVersion = 17.13.35931.197
MinimumVisualStudioVersion = 10.0.40219.1
Project("{FAE04EC0-301F-11D3-BF4B-00C04F79EFBC}") = "Booking _Center", "Booking _Center.csproj", "{EDB10E33-EE69-49E0-8B2A-6E02DADF802B}"
EndProject
Global
	GlobalSection(SolutionConfigurationPlatforms) = preSolution
		Debug|Any CPU = Debug|Any CPU
		Release|Any CPU = Release|Any CPU
	EndGlobalSection
	GlobalSection(ProjectConfigurationPlatforms) = postSolution
		{EDB10E33-EE69-49E0-8B2A-6E02DADF802B}.Debug|Any CPU.ActiveCfg = Debug|Any CPU
		{EDB10E33-EE69-49E0-8B2A-6E02DADF802B}.Debug|Any CPU.Build.0 = Debug|Any CPU
		{EDB10E33-EE69-49E0-8B2A-6E02DADF802B}.Release|Any CPU.ActiveCfg = Release|Any CPU
		{EDB10E33-EE69-49E0-8B2A-6E02DADF802B}.Release|Any CPU.Build.0 = Release|Any CPU
	EndGlobalSection
	GlobalSection(SolutionProperties) = preSolution
		HideSolutionNode = FALSE
	EndGlobalSection
	GlobalSection(ExtensibilityGlobals) = postSolution
		SolutionGuid = {27AF4772-4811-4808-AD5C-BEA3529BB501}
	EndGlobalSection
EndGlobal
